
Microsoft Visual Studio Solution File, Format Version 12.00
# Visual Studio Version 17
VisualStudioVersion = 17.7.34221.43
MinimumVisualStudioVersion = 10.0.40219.1
Project("{FAE04EC0-301F-11D3-BF4B-00C04F79EFBC}") = "Fitness", "Fitness\Fitness.csproj", "{18972549-6788-47E5-BB5F-B9D82EB3B868}"
EndProject
Global
	GlobalSection(SolutionConfigurationPlatforms) = preSolution
		Debug|Any CPU = Debug|Any CPU
		Release|Any CPU = Release|Any CPU
	EndGlobalSection
	GlobalSection(ProjectConfigurationPlatforms) = postSolution
		{18972549-6788-47E5-BB5F-B9D82EB3B868}.Debug|Any CPU.ActiveCfg = Debug|Any CPU
		{18972549-6788-47E5-BB5F-B9D82EB3B868}.Debug|Any CPU.Build.0 = Debug|Any CPU
		{18972549-6788-47E5-BB5F-B9D82EB3B868}.Release|Any CPU.ActiveCfg = Release|Any CPU
		{18972549-6788-47E5-BB5F-B9D82EB3B868}.Release|Any CPU.Build.0 = Release|Any CPU
	EndGlobalSection
	GlobalSection(SolutionProperties) = preSolution
		HideSolutionNode = FALSE
	EndGlobalSection
	GlobalSection(ExtensibilityGlobals) = postSolution
		SolutionGuid = {FBDF3F2E-F097-4B53-8CE7-E746B0F556F9}
	EndGlobalSection
EndGlobal
