
Microsoft Visual Studio Solution File, Format Version 12.00
# Visual Studio Version 17
VisualStudioVersion = 17.7.34221.43
MinimumVisualStudioVersion = 10.0.40219.1
Project("{FAE04EC0-301F-11D3-BF4B-00C04F79EFBC}") = "TestApp", "TestApp\TestApp.csproj", "{394367D0-6440-4597-9E67-2A03347C8DE5}"
EndProject
Global
	GlobalSection(SolutionConfigurationPlatforms) = preSolution
		Debug|Any CPU = Debug|Any CPU
		Release|Any CPU = Release|Any CPU
	EndGlobalSection
	GlobalSection(ProjectConfigurationPlatforms) = postSolution
		{394367D0-6440-4597-9E67-2A03347C8DE5}.Debug|Any CPU.ActiveCfg = Debug|Any CPU
		{394367D0-6440-4597-9E67-2A03347C8DE5}.Debug|Any CPU.Build.0 = Debug|Any CPU
		{394367D0-6440-4597-9E67-2A03347C8DE5}.Release|Any CPU.ActiveCfg = Release|Any CPU
		{394367D0-6440-4597-9E67-2A03347C8DE5}.Release|Any CPU.Build.0 = Release|Any CPU
	EndGlobalSection
	GlobalSection(SolutionProperties) = preSolution
		HideSolutionNode = FALSE
	EndGlobalSection
	GlobalSection(ExtensibilityGlobals) = postSolution
		SolutionGuid = {A02AE406-4AD0-47FC-80D0-43C5BA96E084}
	EndGlobalSection
EndGlobal
